// !$*UTF8*$!
{
	archiveVersion = 1;
	classes = {
	};
	objectVersion = 50;
	objects = {

/* Begin PBXBuildFile section */
		DF6A275726C16F110067E518 /* HomeVC.swift in Sources */ = {isa = PBXBuildFile; fileRef = DF6A275626C16F110067E518 /* HomeVC.swift */; };
		DF6A275926C171620067E518 /* ItemCell.swift in Sources */ = {isa = PBXBuildFile; fileRef = DF6A275826C171620067E518 /* ItemCell.swift */; };
		DF9535AF26B8388300916059 /* ItemData.swift in Sources */ = {isa = PBXBuildFile; fileRef = DF9535AE26B8388300916059 /* ItemData.swift */; };
		DFFE25CD26AA9765004B7585 /* AppDelegate.swift in Sources */ = {isa = PBXBuildFile; fileRef = DFFE25CC26AA9765004B7585 /* AppDelegate.swift */; };
		DFFE25CF26AA9765004B7585 /* SceneDelegate.swift in Sources */ = {isa = PBXBuildFile; fileRef = DFFE25CE26AA9765004B7585 /* SceneDelegate.swift */; };
		DFFE25D426AA9765004B7585 /* Main.storyboard in Resources */ = {isa = PBXBuildFile; fileRef = DFFE25D226AA9765004B7585 /* Main.storyboard */; };
		DFFE25D626AA9768004B7585 /* Assets.xcassets in Resources */ = {isa = PBXBuildFile; fileRef = DFFE25D526AA9768004B7585 /* Assets.xcassets */; };
		DFFE25D926AA9768004B7585 /* LaunchScreen.storyboard in Resources */ = {isa = PBXBuildFile; fileRef = DFFE25D726AA9768004B7585 /* LaunchScreen.storyboard */; };
/* End PBXBuildFile section */

/* Begin PBXFileReference section */
		DF6A275626C16F110067E518 /* HomeVC.swift */ = {isa = PBXFileReference; lastKnownFileType = sourcecode.swift; path = HomeVC.swift; sourceTree = "<group>"; };
		DF6A275826C171620067E518 /* ItemCell.swift */ = {isa = PBXFileReference; lastKnownFileType = sourcecode.swift; path = ItemCell.swift; sourceTree = "<group>"; };
		DF9535AE26B8388300916059 /* ItemData.swift */ = {isa = PBXFileReference; lastKnownFileType = sourcecode.swift; path = ItemData.swift; sourceTree = "<group>"; };
		DFFE25C926AA9765004B7585 /* Refri4rd.app */ = {isa = PBXFileReference; explicitFileType = wrapper.application; includeInIndex = 0; path = Refri4rd.app; sourceTree = BUILT_PRODUCTS_DIR; };
		DFFE25CC26AA9765004B7585 /* AppDelegate.swift */ = {isa = PBXFileReference; lastKnownFileType = sourcecode.swift; path = AppDelegate.swift; sourceTree = "<group>"; };
		DFFE25CE26AA9765004B7585 /* SceneDelegate.swift */ = {isa = PBXFileReference; lastKnownFileType = sourcecode.swift; path = SceneDelegate.swift; sourceTree = "<group>"; };
		DFFE25D326AA9765004B7585 /* Base */ = {isa = PBXFileReference; lastKnownFileType = file.storyboard; name = Base; path = Base.lproj/Main.storyboard; sourceTree = "<group>"; };
		DFFE25D526AA9768004B7585 /* Assets.xcassets */ = {isa = PBXFileReference; lastKnownFileType = folder.assetcatalog; path = Assets.xcassets; sourceTree = "<group>"; };
		DFFE25D826AA9768004B7585 /* Base */ = {isa = PBXFileReference; lastKnownFileType = file.storyboard; name = Base; path = Base.lproj/LaunchScreen.storyboard; sourceTree = "<group>"; };
		DFFE25DA26AA9768004B7585 /* Info.plist */ = {isa = PBXFileReference; lastKnownFileType = text.plist.xml; path = Info.plist; sourceTree = "<group>"; };
/* End PBXFileReference section */

/* Begin PBXFrameworksBuildPhase section */
		DFFE25C626AA9765004B7585 /* Frameworks */ = {
			isa = PBXFrameworksBuildPhase;
			buildActionMask = 2147483647;
			files = (
			);
			runOnlyForDeploymentPostprocessing = 0;
		};
/* End PBXFrameworksBuildPhase section */

/* Begin PBXGroup section */
		DFFE25C026AA9764004B7585 = {
			isa = PBXGroup;
			children = (
				DFFE25CB26AA9765004B7585 /* Refri4rd */,
				DFFE25CA26AA9765004B7585 /* Products */,
			);
			sourceTree = "<group>";
		};
		DFFE25CA26AA9765004B7585 /* Products */ = {
			isa = PBXGroup;
			children = (
				DFFE25C926AA9765004B7585 /* Refri4rd.app */,
			);
			name = Products;
			sourceTree = "<group>";
		};
		DFFE25CB26AA9765004B7585 /* Refri4rd */ = {
			isa = PBXGroup;
			children = (
				DFFE25CC26AA9765004B7585 /* AppDelegate.swift */,
				DFFE25CE26AA9765004B7585 /* SceneDelegate.swift */,
				DFFE25D226AA9765004B7585 /* Main.storyboard */,
				DFFE25D526AA9768004B7585 /* Assets.xcassets */,
				DFFE25D726AA9768004B7585 /* LaunchScreen.storyboard */,
				DFFE25DA26AA9768004B7585 /* Info.plist */,
				DF9535AE26B8388300916059 /* ItemData.swift */,
				DF6A275626C16F110067E518 /* HomeVC.swift */,
				DF6A275826C171620067E518 /* ItemCell.swift */,
			);
			path = Refri4rd;
			sourceTree = "<group>";
		};
/* End PBXGroup section */

/* Begin PBXNativeTarget section */
		DFFE25C826AA9765004B7585 /* Refri4rd */ = {
			isa = PBXNativeTarget;
			buildConfigurationList = DFFE25DD26AA9768004B7585 /* Build configuration list for PBXNativeTarget "Refri4rd" */;
			buildPhases = (
				DFFE25C526AA9765004B7585 /* Sources */,
				DFFE25C626AA9765004B7585 /* Frameworks */,
				DFFE25C726AA9765004B7585 /* Resources */,
			);
			buildRules = (
			);
			dependencies = (
			);
			name = Refri4rd;
			productName = Refri4rd;
			productReference = DFFE25C926AA9765004B7585 /* Refri4rd.app */;
			productType = "com.apple.product-type.application";
		};
/* End PBXNativeTarget section */

/* Begin PBXProject section */
		DFFE25C126AA9764004B7585 /* Project object */ = {
			isa = PBXProject;
			attributes = {
				LastSwiftUpdateCheck = 1250;
				LastUpgradeCheck = 1250;
				TargetAttributes = {
					DFFE25C826AA9765004B7585 = {
						CreatedOnToolsVersion = 12.5.1;
					};
				};
			};
			buildConfigurationList = DFFE25C426AA9764004B7585 /* Build configuration list for PBXProject "Refri4rd" */;
			compatibilityVersion = "Xcode 9.3";
			developmentRegion = en;
			hasScannedForEncodings = 0;
			knownRegions = (
				en,
				Base,
			);
			mainGroup = DFFE25C026AA9764004B7585;
			productRefGroup = DFFE25CA26AA9765004B7585 /* Products */;
			projectDirPath = "";
			projectRoot = "";
			targets = (
				DFFE25C826AA9765004B7585 /* Refri4rd */,
			);
		};
/* End PBXProject section */

/* Begin PBXResourcesBuildPhase section */
		DFFE25C726AA9765004B7585 /* Resources */ = {
			isa = PBXResourcesBuildPhase;
			buildActionMask = 2147483647;
			files = (
				DFFE25D926AA9768004B7585 /* LaunchScreen.storyboard in Resources */,
				DFFE25D626AA9768004B7585 /* Assets.xcassets in Resources */,
				DFFE25D426AA9765004B7585 /* Main.storyboard in Resources */,
			);
			runOnlyForDeploymentPostprocessing = 0;
		};
/* End PBXResourcesBuildPhase section */

/* Begin PBXSourcesBuildPhase section */
		DFFE25C526AA9765004B7585 /* Sources */ = {
			isa = PBXSourcesBuildPhase;
			buildActionMask = 2147483647;
			files = (
				DF9535AF26B8388300916059 /* ItemData.swift in Sources */,
				DF6A275726C16F110067E518 /* HomeVC.swift in Sources */,
				DFFE25CD26AA9765004B7585 /* AppDelegate.swift in Sources */,
				DFFE25CF26AA9765004B7585 /* SceneDelegate.swift in Sources */,
				DF6A275926C171620067E518 /* ItemCell.swift in Sources */,
			);
			runOnlyForDeploymentPostprocessing = 0;
		};
/* End PBXSourcesBuildPhase section */

/* Begin PBXVariantGroup section */
		DFFE25D226AA9765004B7585 /* Main.storyboard */ = {
			isa = PBXVariantGroup;
			children = (
				DFFE25D326AA9765004B7585 /* Base */,
			);
			name = Main.storyboard;
			sourceTree = "<group>";
		};
		DFFE25D726AA9768004B7585 /* LaunchScreen.storyboard */ = {
			isa = PBXVariantGroup;
			children = (
				DFFE25D826AA9768004B7585 /* Base */,
			);
			name = LaunchScreen.storyboard;
			sourceTree = "<group>";
		};
/* End PBXVariantGroup section */

/* Begin XCBuildConfiguration section */
		DFFE25DB26AA9768004B7585 /* Debug */ = {
			isa = XCBuildConfiguration;
			buildSettings = {
				ALWAYS_SEARCH_USER_PATHS = NO;
				CLANG_ANALYZER_NONNULL = YES;
				CLANG_ANALYZER_NUMBER_OBJECT_CONVERSION = YES_AGGRESSIVE;
				CLANG_CXX_LANGUAGE_STANDARD = "gnu++14";
				CLANG_CXX_LIBRARY = "libc++";
				CLANG_ENABLE_MODULES = YES;
				CLANG_ENABLE_OBJC_ARC = YES;
				CLANG_ENABLE_OBJC_WEAK = YES;
				CLANG_WARN_BLOCK_CAPTURE_AUTORELEASING = YES;
				CLANG_WARN_BOOL_CONVERSION = YES;
				CLANG_WARN_COMMA = YES;
				CLANG_WARN_CONSTANT_CONVERSION = YES;
				CLANG_WARN_DEPRECATED_OBJC_IMPLEMENTATIONS = YES;
				CLANG_WARN_DIRECT_OBJC_ISA_USAGE = YES_ERROR;
				CLANG_WARN_DOCUMENTATION_COMMENTS = YES;
				CLANG_WARN_EMPTY_BODY = YES;
				CLANG_WARN_ENUM_CONVERSION = YES;
				CLANG_WARN_INFINITE_RECURSION = YES;
				CLANG_WARN_INT_CONVERSION = YES;
				CLANG_WARN_NON_LITERAL_NULL_CONVERSION = YES;
				CLANG_WARN_OBJC_IMPLICIT_RETAIN_SELF = YES;
				CLANG_WARN_OBJC_LITERAL_CONVERSION = YES;
				CLANG_WARN_OBJC_ROOT_CLASS = YES_ERROR;
				CLANG_WARN_QUOTED_INCLUDE_IN_FRAMEWORK_HEADER = YES;
				CLANG_WARN_RANGE_LOOP_ANALYSIS = YES;
				CLANG_WARN_STRICT_PROTOTYPES = YES;
				CLANG_WARN_SUSPICIOUS_MOVE = YES;
				CLANG_WARN_UNGUARDED_AVAILABILITY = YES_AGGRESSIVE;
				CLANG_WARN_UNREACHABLE_CODE = YES;
				CLANG_WARN__DUPLICATE_METHOD_MATCH = YES;
				COPY_PHASE_STRIP = NO;
				DEBUG_INFORMATION_FORMAT = dwarf;
				ENABLE_STRICT_OBJC_MSGSEND = YES;
				ENABLE_TESTABILITY = YES;
				GCC_C_LANGUAGE_STANDARD = gnu11;
				GCC_DYNAMIC_NO_PIC = NO;
				GCC_NO_COMMON_BLOCKS = YES;
				GCC_OPTIMIZATION_LEVEL = 0;
				GCC_PREPROCESSOR_DEFINITIONS = (
					"DEBUG=1",
					"$(inherited)",
				);
				GCC_WARN_64_TO_32_BIT_CONVERSION = YES;
				GCC_WARN_ABOUT_RETURN_TYPE = YES_ERROR;
				GCC_WARN_UNDECLARED_SELECTOR = YES;
				GCC_WARN_UNINITIALIZED_AUTOS = YES_AGGRESSIVE;
				GCC_WARN_UNUSED_FUNCTION = YES;
				GCC_WARN_UNUSED_VARIABLE = YES;
				IPHONEOS_DEPLOYMENT_TARGET = 14.5;
				MTL_ENABLE_DEBUG_INFO = INCLUDE_SOURCE;
				MTL_FAST_MATH = YES;
				ONLY_ACTIVE_ARCH = YES;
				SDKROOT = iphoneos;
				SWIFT_ACTIVE_COMPILATION_CONDITIONS = DEBUG;
				SWIFT_OPTIMIZATION_LEVEL = "-Onone";
			};
			name = Debug;
		};
		DFFE25DC26AA9768004B7585 /* Release */ = {
			isa = XCBuildConfiguration;
			buildSettings = {
				ALWAYS_SEARCH_USER_PATHS = NO;
				CLANG_ANALYZER_NONNULL = YES;
				CLANG_ANALYZER_NUMBER_OBJECT_CONVERSION = YES_AGGRESSIVE;
				CLANG_CXX_LANGUAGE_STANDARD = "gnu++14";
				CLANG_CXX_LIBRARY = "libc++";
				CLANG_ENABLE_MODULES = YES;
				CLANG_ENABLE_OBJC_ARC = YES;
				CLANG_ENABLE_OBJC_WEAK = YES;
				CLANG_WARN_BLOCK_CAPTURE_AUTORELEASING = YES;
				CLANG_WARN_BOOL_CONVERSION = YES;
				CLANG_WARN_COMMA = YES;
				CLANG_WARN_CONSTANT_CONVERSION = YES;
				CLANG_WARN_DEPRECATED_OBJC_IMPLEMENTATIONS = YES;
				CLANG_WARN_DIRECT_OBJC_ISA_USAGE = YES_ERROR;
				CLANG_WARN_DOCUMENTATION_COMMENTS = YES;
				CLANG_WARN_EMPTY_BODY = YES;
				CLANG_WARN_ENUM_CONVERSION = YES;
				CLANG_WARN_INFINITE_RECURSION = YES;
				CLANG_WARN_INT_CONVERSION = YES;
				CLANG_WARN_NON_LITERAL_NULL_CONVERSION = YES;
				CLANG_WARN_OBJC_IMPLICIT_RETAIN_SELF = YES;
				CLANG_WARN_OBJC_LITERAL_CONVERSION = YES;
				CLANG_WARN_OBJC_ROOT_CLASS = YES_ERROR;
				CLANG_WARN_QUOTED_INCLUDE_IN_FRAMEWORK_HEADER = YES;
				CLANG_WARN_RANGE_LOOP_ANALYSIS = YES;
				CLANG_WARN_STRICT_PROTOTYPES = YES;
				CLANG_WARN_SUSPICIOUS_MOVE = YES;
				CLANG_WARN_UNGUARDED_AVAILABILITY = YES_AGGRESSIVE;
				CLANG_WARN_UNREACHABLE_CODE = YES;
				CLANG_WARN__DUPLICATE_METHOD_MATCH = YES;
				COPY_PHASE_STRIP = NO;
				DEBUG_INFORMATION_FORMAT = "dwarf-with-dsym";
				ENABLE_NS_ASSERTIONS = NO;
				ENABLE_STRICT_OBJC_MSGSEND = YES;
				GCC_C_LANGUAGE_STANDARD = gnu11;
				GCC_NO_COMMON_BLOCKS = YES;
				GCC_WARN_64_TO_32_BIT_CONVERSION = YES;
				GCC_WARN_ABOUT_RETURN_TYPE = YES_ERROR;
				GCC_WARN_UNDECLARED_SELECTOR = YES;
				GCC_WARN_UNINITIALIZED_AUTOS = YES_AGGRESSIVE;
				GCC_WARN_UNUSED_FUNCTION = YES;
				GCC_WARN_UNUSED_VARIABLE = YES;
				IPHONEOS_DEPLOYMENT_TARGET = 14.5;
				MTL_ENABLE_DEBUG_INFO = NO;
				MTL_FAST_MATH = YES;
				SDKROOT = iphoneos;
				SWIFT_COMPILATION_MODE = wholemodule;
				SWIFT_OPTIMIZATION_LEVEL = "-O";
				VALIDATE_PRODUCT = YES;
			};
			name = Release;
		};
		DFFE25DE26AA9768004B7585 /* Debug */ = {
			isa = XCBuildConfiguration;
			buildSettings = {
				ASSETCATALOG_COMPILER_APPICON_NAME = AppIcon;
				ASSETCATALOG_COMPILER_GLOBAL_ACCENT_COLOR_NAME = AccentColor;
				CODE_SIGN_STYLE = Automatic;
				DEVELOPMENT_TEAM = 6GGFAY4XMT;
				INFOPLIST_FILE = Refri4rd/Info.plist;
				LD_RUNPATH_SEARCH_PATHS = (
					"$(inherited)",
					"@executable_path/Frameworks",
				);
				PRODUCT_BUNDLE_IDENTIFIER = com.simyo.Refri4rd;
				PRODUCT_NAME = "$(TARGET_NAME)";
				SWIFT_VERSION = 5.0;
				TARGETED_DEVICE_FAMILY = "1,2";
			};
			name = Debug;
		};
		DFFE25DF26AA9768004B7585 /* Release */ = {
			isa = XCBuildConfiguration;
			buildSettings = {
				ASSETCATALOG_COMPILER_APPICON_NAME = AppIcon;
				ASSETCATALOG_COMPILER_GLOBAL_ACCENT_COLOR_NAME = AccentColor;
				CODE_SIGN_STYLE = Automatic;
				DEVELOPMENT_TEAM = 6GGFAY4XMT;
				INFOPLIST_FILE = Refri4rd/Info.plist;
				LD_RUNPATH_SEARCH_PATHS = (
					"$(inherited)",
					"@executable_path/Frameworks",
				);
				PRODUCT_BUNDLE_IDENTIFIER = com.simyo.Refri4rd;
				PRODUCT_NAME = "$(TARGET_NAME)";
				SWIFT_VERSION = 5.0;
				TARGETED_DEVICE_FAMILY = "1,2";
			};
			name = Release;
		};
/* End XCBuildConfiguration section */

/* Begin XCConfigurationList section */
		DFFE25C426AA9764004B7585 /* Build configuration list for PBXProject "Refri4rd" */ = {
			isa = XCConfigurationList;
			buildConfigurations = (
				DFFE25DB26AA9768004B7585 /* Debug */,
				DFFE25DC26AA9768004B7585 /* Release */,
			);
			defaultConfigurationIsVisible = 0;
			defaultConfigurationName = Release;
		};
		DFFE25DD26AA9768004B7585 /* Build configuration list for PBXNativeTarget "Refri4rd" */ = {
			isa = XCConfigurationList;
			buildConfigurations = (
				DFFE25DE26AA9768004B7585 /* Debug */,
				DFFE25DF26AA9768004B7585 /* Release */,
			);
			defaultConfigurationIsVisible = 0;
			defaultConfigurationName = Release;
		};
/* End XCConfigurationList section */
	};
	rootObject = DFFE25C126AA9764004B7585 /* Project object */;
}
